// !$*UTF8*$!
{
	archiveVersion = 1;
	classes = {
	};
	objectVersion = 46;
	objects = {

/* Begin PBXBuildFile section */
		813DEE9E1C5FDA0900A460B2 /* AppDelegate.swift in Sources */ = {isa = PBXBuildFile; fileRef = 813DEE9D1C5FDA0900A460B2 /* AppDelegate.swift */; };
		813DEEA01C5FDA0900A460B2 /* ViewController.swift in Sources */ = {isa = PBXBuildFile; fileRef = 813DEE9F1C5FDA0900A460B2 /* ViewController.swift */; };
		813DEEA31C5FDA0900A460B2 /* Main.storyboard in Resources */ = {isa = PBXBuildFile; fileRef = 813DEEA11C5FDA0900A460B2 /* Main.storyboard */; };
		813DEEA51C5FDA0900A460B2 /* Assets.xcassets in Resources */ = {isa = PBXBuildFile; fileRef = 813DEEA41C5FDA0900A460B2 /* Assets.xcassets */; };
		813DEEA81C5FDA0900A460B2 /* LaunchScreen.storyboard in Resources */ = {isa = PBXBuildFile; fileRef = 813DEEA61C5FDA0900A460B2 /* LaunchScreen.storyboard */; };
/* End PBXBuildFile section */

/* Begin PBXFileReference section */
		813DEE9A1C5FDA0900A460B2 /* Superheropedia.app */ = {isa = PBXFileReference; explicitFileType = wrapper.application; includeInIndex = 0; path = Superheropedia.app; sourceTree = BUILT_PRODUCTS_DIR; };
		813DEE9D1C5FDA0900A460B2 /* AppDelegate.swift */ = {isa = PBXFileReference; lastKnownFileType = sourcecode.swift; path = AppDelegate.swift; sourceTree = "<group>"; };
		813DEE9F1C5FDA0900A460B2 /* ViewController.swift */ = {isa = PBXFileReference; lastKnownFileType = sourcecode.swift; path = ViewController.swift; sourceTree = "<group>"; };
		813DEEA21C5FDA0900A460B2 /* Base */ = {isa = PBXFileReference; lastKnownFileType = file.storyboard; name = Base; path = Base.lproj/Main.storyboard; sourceTree = "<group>"; };
		813DEEA41C5FDA0900A460B2 /* Assets.xcassets */ = {isa = PBXFileReference; lastKnownFileType = folder.assetcatalog; path = Assets.xcassets; sourceTree = "<group>"; };
		813DEEA71C5FDA0900A460B2 /* Base */ = {isa = PBXFileReference; lastKnownFileType = file.storyboard; name = Base; path = Base.lproj/LaunchScreen.storyboard; sourceTree = "<group>"; };
		813DEEA91C5FDA0900A460B2 /* Info.plist */ = {isa = PBXFileReference; lastKnownFileType = text.plist.xml; path = Info.plist; sourceTree = "<group>"; };
/* End PBXFileReference section */

/* Begin PBXFrameworksBuildPhase section */
		813DEE971C5FDA0900A460B2 /* Frameworks */ = {
			isa = PBXFrameworksBuildPhase;
			buildActionMask = 2147483647;
			files = (
			);
			runOnlyForDeploymentPostprocessing = 0;
		};
/* End PBXFrameworksBuildPhase section */

/* Begin PBXGroup section */
		813DEE911C5FDA0900A460B2 = {
			isa = PBXGroup;
			children = (
				813DEE9C1C5FDA0900A460B2 /* Superheropedia */,
				813DEE9B1C5FDA0900A460B2 /* Products */,
			);
			sourceTree = "<group>";
		};
		813DEE9B1C5FDA0900A460B2 /* Products */ = {
			isa = PBXGroup;
			children = (
				813DEE9A1C5FDA0900A460B2 /* Superheropedia.app */,
			);
			name = Products;
			sourceTree = "<group>";
		};
		813DEE9C1C5FDA0900A460B2 /* Superheropedia */ = {
			isa = PBXGroup;
			children = (
				813DEE9D1C5FDA0900A460B2 /* AppDelegate.swift */,
				813DEE9F1C5FDA0900A460B2 /* ViewController.swift */,
				813DEEA11C5FDA0900A460B2 /* Main.storyboard */,
				813DEEA41C5FDA0900A460B2 /* Assets.xcassets */,
				813DEEA61C5FDA0900A460B2 /* LaunchScreen.storyboard */,
				813DEEA91C5FDA0900A460B2 /* Info.plist */,
			);
			path = Superheropedia;
			sourceTree = "<group>";
		};
/* End PBXGroup section */

/* Begin PBXNativeTarget section */
		813DEE991C5FDA0900A460B2 /* Superheropedia */ = {
			isa = PBXNativeTarget;
			buildConfigurationList = 813DEEAC1C5FDA0900A460B2 /* Build configuration list for PBXNativeTarget "Superheropedia" */;
			buildPhases = (
				813DEE961C5FDA0900A460B2 /* Sources */,
				813DEE971C5FDA0900A460B2 /* Frameworks */,
				813DEE981C5FDA0900A460B2 /* Resources */,
			);
			buildRules = (
			);
			dependencies = (
			);
			name = Superheropedia;
			productName = Superheropedia;
			productReference = 813DEE9A1C5FDA0900A460B2 /* Superheropedia.app */;
			productType = "com.apple.product-type.application";
		};
/* End PBXNativeTarget section */

/* Begin PBXProject section */
		813DEE921C5FDA0900A460B2 /* Project object */ = {
			isa = PBXProject;
			attributes = {
				LastSwiftUpdateCheck = 0720;
				LastUpgradeCheck = 0720;
				ORGANIZATIONNAME = NoNonsense;
				TargetAttributes = {
					813DEE991C5FDA0900A460B2 = {
						CreatedOnToolsVersion = 7.2;
						DevelopmentTeam = Y4S292F292;
					};
				};
			};
			buildConfigurationList = 813DEE951C5FDA0900A460B2 /* Build configuration list for PBXProject "Superheropedia" */;
			compatibilityVersion = "Xcode 3.2";
			developmentRegion = English;
			hasScannedForEncodings = 0;
			knownRegions = (
				en,
				Base,
			);
			mainGroup = 813DEE911C5FDA0900A460B2;
			productRefGroup = 813DEE9B1C5FDA0900A460B2 /* Products */;
			projectDirPath = "";
			projectRoot = "";
			targets = (
				813DEE991C5FDA0900A460B2 /* Superheropedia */,
			);
		};
/* End PBXProject section */

/* Begin PBXResourcesBuildPhase section */
		813DEE981C5FDA0900A460B2 /* Resources */ = {
			isa = PBXResourcesBuildPhase;
			buildActionMask = 2147483647;
			files = (
				813DEEA81C5FDA0900A460B2 /* LaunchScreen.storyboard in Resources */,
				813DEEA51C5FDA0900A460B2 /* Assets.xcassets in Resources */,
				813DEEA31C5FDA0900A460B2 /* Main.storyboard in Resources */,
			);
			runOnlyForDeploymentPostprocessing = 0;
		};
/* End PBXResourcesBuildPhase section */

/* Begin PBXSourcesBuildPhase section */
		813DEE961C5FDA0900A460B2 /* Sources */ = {
			isa = PBXSourcesBuildPhase;
			buildActionMask = 2147483647;
			files = (
				813DEEA01C5FDA0900A460B2 /* ViewController.swift in Sources */,
				813DEE9E1C5FDA0900A460B2 /* AppDelegate.swift in Sources */,
			);
			runOnlyForDeploymentPostprocessing = 0;
		};
/* End PBXSourcesBuildPhase section */

/* Begin PBXVariantGroup section */
		813DEEA11C5FDA0900A460B2 /* Main.storyboard */ = {
			isa = PBXVariantGroup;
			children = (
				813DEEA21C5FDA0900A460B2 /* Base */,
			);
			name = Main.storyboard;
			sourceTree = "<group>";
		};
		813DEEA61C5FDA0900A460B2 /* LaunchScreen.storyboard */ = {
			isa = PBXVariantGroup;
			children = (
				813DEEA71C5FDA0900A460B2 /* Base */,
			);
			name = LaunchScreen.storyboard;
			sourceTree = "<group>";
		};
/* End PBXVariantGroup section */

/* Begin XCBuildConfiguration section */
		813DEEAA1C5FDA0900A460B2 /* Debug */ = {
			isa = XCBuildConfiguration;
			buildSettings = {
				ALWAYS_SEARCH_USER_PATHS = NO;
				CLANG_CXX_LANGUAGE_STANDARD = "gnu++0x";
				CLANG_CXX_LIBRARY = "libc++";
				CLANG_ENABLE_MODULES = YES;
				CLANG_ENABLE_OBJC_ARC = YES;
				CLANG_WARN_BOOL_CONVERSION = YES;
				CLANG_WARN_CONSTANT_CONVERSION = YES;
				CLANG_WARN_DIRECT_OBJC_ISA_USAGE = YES_ERROR;
				CLANG_WARN_EMPTY_BODY = YES;
				CLANG_WARN_ENUM_CONVERSION = YES;
				CLANG_WARN_INT_CONVERSION = YES;
				CLANG_WARN_OBJC_ROOT_CLASS = YES_ERROR;
				CLANG_WARN_UNREACHABLE_CODE = YES;
				CLANG_WARN__DUPLICATE_METHOD_MATCH = YES;
				"CODE_SIGN_IDENTITY[sdk=iphoneos*]" = "iPhone Developer";
				COPY_PHASE_STRIP = NO;
				DEBUG_INFORMATION_FORMAT = dwarf;
				ENABLE_STRICT_OBJC_MSGSEND = YES;
				ENABLE_TESTABILITY = YES;
				GCC_C_LANGUAGE_STANDARD = gnu99;
				GCC_DYNAMIC_NO_PIC = NO;
				GCC_NO_COMMON_BLOCKS = YES;
				GCC_OPTIMIZATION_LEVEL = 0;
				GCC_PREPROCESSOR_DEFINITIONS = (
					"DEBUG=1",
					"$(inherited)",
				);
				GCC_WARN_64_TO_32_BIT_CONVERSION = YES;
				GCC_WARN_ABOUT_RETURN_TYPE = YES_ERROR;
				GCC_WARN_UNDECLARED_SELECTOR = YES;
				GCC_WARN_UNINITIALIZED_AUTOS = YES_AGGRESSIVE;
				GCC_WARN_UNUSED_FUNCTION = YES;
				GCC_WARN_UNUSED_VARIABLE = YES;
				IPHONEOS_DEPLOYMENT_TARGET = 9.2;
				MTL_ENABLE_DEBUG_INFO = YES;
				ONLY_ACTIVE_ARCH = YES;
				SDKROOT = iphoneos;
				SWIFT_OPTIMIZATION_LEVEL = "-Onone";
			};
			name = Debug;
		};
		813DEEAB1C5FDA0900A460B2 /* Release */ = {
			isa = XCBuildConfiguration;
			buildSettings = {
				ALWAYS_SEARCH_USER_PATHS = NO;
				CLANG_CXX_LANGUAGE_STANDARD = "gnu++0x";
				CLANG_CXX_LIBRARY = "libc++";
				CLANG_ENABLE_MODULES = YES;
				CLANG_ENABLE_OBJC_ARC = YES;
				CLANG_WARN_BOOL_CONVERSION = YES;
				CLANG_WARN_CONSTANT_CONVERSION = YES;
				CLANG_WARN_DIRECT_OBJC_ISA_USAGE = YES_ERROR;
				CLANG_WARN_EMPTY_BODY = YES;
				CLANG_WARN_ENUM_CONVERSION = YES;
				CLANG_WARN_INT_CONVERSION = YES;
				CLANG_WARN_OBJC_ROOT_CLASS = YES_ERROR;
				CLANG_WARN_UNREACHABLE_CODE = YES;
				CLANG_WARN__DUPLICATE_METHOD_MATCH = YES;
				"CODE_SIGN_IDENTITY[sdk=iphoneos*]" = "iPhone Developer";
				COPY_PHASE_STRIP = NO;
				DEBUG_INFORMATION_FORMAT = "dwarf-with-dsym";
				ENABLE_NS_ASSERTIONS = NO;
				ENABLE_STRICT_OBJC_MSGSEND = YES;
				GCC_C_LANGUAGE_STANDARD = gnu99;
				GCC_NO_COMMON_BLOCKS = YES;
				GCC_WARN_64_TO_32_BIT_CONVERSION = YES;
				GCC_WARN_ABOUT_RETURN_TYPE = YES_ERROR;
				GCC_WARN_UNDECLARED_SELECTOR = YES;
				GCC_WARN_UNINITIALIZED_AUTOS = YES_AGGRESSIVE;
				GCC_WARN_UNUSED_FUNCTION = YES;
				GCC_WARN_UNUSED_VARIABLE = YES;
				IPHONEOS_DEPLOYMENT_TARGET = 9.2;
				MTL_ENABLE_DEBUG_INFO = NO;
				SDKROOT = iphoneos;
				VALIDATE_PRODUCT = YES;
			};
			name = Release;
		};
		813DEEAD1C5FDA0900A460B2 /* Debug */ = {
			isa = XCBuildConfiguration;
			buildSettings = {
				ASSETCATALOG_COMPILER_APPICON_NAME = AppIcon;
				INFOPLIST_FILE = Superheropedia/Info.plist;
				LD_RUNPATH_SEARCH_PATHS = "$(inherited) @executable_path/Frameworks";
				PRODUCT_BUNDLE_IDENTIFIER = io.nononsense.Superheropedia;
				PRODUCT_NAME = "$(TARGET_NAME)";
			};
			name = Debug;
		};
		813DEEAE1C5FDA0900A460B2 /* Release */ = {
			isa = XCBuildConfiguration;
			buildSettings = {
				ASSETCATALOG_COMPILER_APPICON_NAME = AppIcon;
				INFOPLIST_FILE = Superheropedia/Info.plist;
				LD_RUNPATH_SEARCH_PATHS = "$(inherited) @executable_path/Frameworks";
				PRODUCT_BUNDLE_IDENTIFIER = io.nononsense.Superheropedia;
				PRODUCT_NAME = "$(TARGET_NAME)";
			};
			name = Release;
		};
/* End XCBuildConfiguration section */

/* Begin XCConfigurationList section */
		813DEE951C5FDA0900A460B2 /* Build configuration list for PBXProject "Superheropedia" */ = {
			isa = XCConfigurationList;
			buildConfigurations = (
				813DEEAA1C5FDA0900A460B2 /* Debug */,
				813DEEAB1C5FDA0900A460B2 /* Release */,
			);
			defaultConfigurationIsVisible = 0;
			defaultConfigurationName = Release;
		};
		813DEEAC1C5FDA0900A460B2 /* Build configuration list for PBXNativeTarget "Superheropedia" */ = {
			isa = XCConfigurationList;
			buildConfigurations = (
				813DEEAD1C5FDA0900A460B2 /* Debug */,
				813DEEAE1C5FDA0900A460B2 /* Release */,
			);
			defaultConfigurationIsVisible = 0;
		};
/* End XCConfigurationList section */
	};
	rootObject = 813DEE921C5FDA0900A460B2 /* Project object */;
}
